# This file was autogenerated by Stack.
# You should not edit this file by hand.
# For more information, please see the documentation at:
#   https://docs.haskellstack.org/en/stable/lock_files

packages:
- completed:
    hackage: http-api-data-0.4.3@sha256:f4134a06d6544193a4d088df362e132a6cb71a0538f5636bf860971cd0879960,3845
    pantry-tree:
      sha256: 05c7bfafbf73d7d8eff5915b580e5ef6bf85232764fad871476a6952f746d9f9
      size: 887
  original:
    hackage: http-api-data-0.4.3
- completed:
    hackage: text-1.2.5.0@sha256:791f0f6c97ed96113f17ab520cf0efe1a3a4f883a8c85910a5660567c8241c40,7895
    pantry-tree:
      sha256: f41504ec5c04a3f3358ef104362f02fdef29cbce4e5e4e6dbd6b6db70c40d4bf
      size: 7395
  original:
    hackage: text-1.2.5.0
- completed:
    hackage: vector-0.12.3.1@sha256:39141f312871b7c793a63be76635999e84d442aa3290aec59f30638ec0bf23a7,8218
    pantry-tree:
      sha256: c4f50de0598ce416df3a8f01ad7f23d8f1282ef3c5c531d67afe15b1e14a5d8d
      size: 3842
  original:
    hackage: vector-0.12.3.1
- completed:
    hackage: parsec-3.1.17.0@sha256:6cf18e59d9f1c5b40385457b82ab679dc18d3c5bd3c2c67b2f94e1e8732e6624,5119
    pantry-tree:
      sha256: cca87377fcfe25583e1f7aadc4971111a86c2e66002dffa304be92f294db32c8
      size: 2810
  original:
    hackage: parsec-3.1.17.0
snapshots:
- completed:
    sha256: 4be1ca5d31689b524a7f0f17a439bbe9136465213edc498e9a395899a670f2aa
    size: 718486
    url: https://raw.githubusercontent.com/commercialhaskell/stackage-snapshots/master/lts/22/22.yaml
  original: lts-22.22
